
Microsoft Visual Studio Solution File, Format Version 12.00
# Visual Studio Version 16
VisualStudioVersion = 16.0.28803.202
MinimumVisualStudioVersion = 10.0.40219.1
Project("{2150E333-8FDC-42A3-9474-1A3956D46DE8}") = "Source", "Source", "{A34E50C0-3DE2-4CE7-B292-3BBDE68368BD}"
EndProject
Project("{2150E333-8FDC-42A3-9474-1A3956D46DE8}") = "Docs", "Docs", "{4EEEB7F6-08C6-4599-B083-44295CED6DEF}"
	ProjectSection(SolutionItems) = preProject
		.gitignore = .gitignore
		README.md = README.md
	EndProjectSection
EndProject
Project("{9A19103F-16F7-4668-BE54-9A1E7A4F7556}") = "Jurify.Autenticador.Web", "Source\Jurify.Autenticador.Web\Jurify.Autenticador.Web.csproj", "{981BC65E-A93C-4FCE-BB52-109027EF7AAD}"
EndProject
Project("{9A19103F-16F7-4668-BE54-9A1E7A4F7556}") = "Jurify.Autenticador.Domain", "Source\Jurify.Autenticador.Domain\Jurify.Autenticador.Domain.csproj", "{4A0C6040-C851-431B-9017-C85EC52C42B7}"
EndProject
Project("{9A19103F-16F7-4668-BE54-9A1E7A4F7556}") = "Jurify.Autenticador.Application", "Source\Jurify.Autenticador.Application\Jurify.Autenticador.Application.csproj", "{C87237B0-64AB-4B1D-95AA-4C1B5044CA26}"
EndProject
Project("{2150E333-8FDC-42A3-9474-1A3956D46DE8}") = "Cross-Cutting", "Cross-Cutting", "{3E257E64-D7A6-4E9A-9E2F-CE6091D346D4}"
EndProject
Project("{FAE04EC0-301F-11D3-BF4B-00C04F79EFBC}") = "Jurify.Autenticador.Infra.Database", "Source\Jurify.Autenticador.Infra.Database\Jurify.Autenticador.Infra.Database.csproj", "{C6E18C05-C9D4-4B78-9200-93436CCD30CD}"
EndProject
Global
	GlobalSection(SolutionConfigurationPlatforms) = preSolution
		Debug|Any CPU = Debug|Any CPU
		Release|Any CPU = Release|Any CPU
	EndGlobalSection
	GlobalSection(ProjectConfigurationPlatforms) = postSolution
		{981BC65E-A93C-4FCE-BB52-109027EF7AAD}.Debug|Any CPU.ActiveCfg = Debug|Any CPU
		{981BC65E-A93C-4FCE-BB52-109027EF7AAD}.Debug|Any CPU.Build.0 = Debug|Any CPU
		{981BC65E-A93C-4FCE-BB52-109027EF7AAD}.Release|Any CPU.ActiveCfg = Release|Any CPU
		{981BC65E-A93C-4FCE-BB52-109027EF7AAD}.Release|Any CPU.Build.0 = Release|Any CPU
		{4A0C6040-C851-431B-9017-C85EC52C42B7}.Debug|Any CPU.ActiveCfg = Debug|Any CPU
		{4A0C6040-C851-431B-9017-C85EC52C42B7}.Debug|Any CPU.Build.0 = Debug|Any CPU
		{4A0C6040-C851-431B-9017-C85EC52C42B7}.Release|Any CPU.ActiveCfg = Release|Any CPU
		{4A0C6040-C851-431B-9017-C85EC52C42B7}.Release|Any CPU.Build.0 = Release|Any CPU
		{C87237B0-64AB-4B1D-95AA-4C1B5044CA26}.Debug|Any CPU.ActiveCfg = Debug|Any CPU
		{C87237B0-64AB-4B1D-95AA-4C1B5044CA26}.Debug|Any CPU.Build.0 = Debug|Any CPU
		{C87237B0-64AB-4B1D-95AA-4C1B5044CA26}.Release|Any CPU.ActiveCfg = Release|Any CPU
		{C87237B0-64AB-4B1D-95AA-4C1B5044CA26}.Release|Any CPU.Build.0 = Release|Any CPU
		{C6E18C05-C9D4-4B78-9200-93436CCD30CD}.Debug|Any CPU.ActiveCfg = Debug|Any CPU
		{C6E18C05-C9D4-4B78-9200-93436CCD30CD}.Debug|Any CPU.Build.0 = Debug|Any CPU
		{C6E18C05-C9D4-4B78-9200-93436CCD30CD}.Release|Any CPU.ActiveCfg = Release|Any CPU
		{C6E18C05-C9D4-4B78-9200-93436CCD30CD}.Release|Any CPU.Build.0 = Release|Any CPU
	EndGlobalSection
	GlobalSection(SolutionProperties) = preSolution
		HideSolutionNode = FALSE
	EndGlobalSection
	GlobalSection(NestedProjects) = preSolution
		{981BC65E-A93C-4FCE-BB52-109027EF7AAD} = {A34E50C0-3DE2-4CE7-B292-3BBDE68368BD}
		{4A0C6040-C851-431B-9017-C85EC52C42B7} = {A34E50C0-3DE2-4CE7-B292-3BBDE68368BD}
		{C87237B0-64AB-4B1D-95AA-4C1B5044CA26} = {A34E50C0-3DE2-4CE7-B292-3BBDE68368BD}
		{3E257E64-D7A6-4E9A-9E2F-CE6091D346D4} = {A34E50C0-3DE2-4CE7-B292-3BBDE68368BD}
		{C6E18C05-C9D4-4B78-9200-93436CCD30CD} = {3E257E64-D7A6-4E9A-9E2F-CE6091D346D4}
	EndGlobalSection
	GlobalSection(ExtensibilityGlobals) = postSolution
		SolutionGuid = {3FCB5102-A3AB-4844-9931-67E0E50F0BDD}
	EndGlobalSection
EndGlobal
